<?xml version="1.0" encoding="utf-8"?>
<Project ToolsVersion="4.0" xmlns="http://schemas.microsoft.com/developer/msbuild/2003">
  <ItemGroup>
    <Filter Include="Source Files">
      <UniqueIdentifier>{4FC737F1-C7A5-4376-A066-2A32D752A2FF}</UniqueIdentifier>
      <Extensions>cpp;c;cc;cxx;c++;cppm;ixx;def;odl;idl;hpj;bat;asm;asmx</Extensions>
    </Filter>
  </ItemGroup>
  <ItemGroup>
    <ClInclude Include="..\src\AppDecUtils.h">
      <Filter>Source Files</Filter>
    </ClInclude>
    <ClInclude Include="..\src\ColorSpace.h">
      <Filter>Source Files</Filter>
    </ClInclude>
    <ClInclude Include="..\src\create_image_cuda.h">
      <Filter>Source Files</Filter>
    </ClInclude>
    <ClInclude Include="..\src\FFmpegDemuxer.h">
      <Filter>Source Files</Filter>
    </ClInclude>
    <ClInclude Include="..\src\Logger.h">
      <Filter>Source Files</Filter>
    </ClInclude>
    <ClInclude Include="..\src\NvCodecUtils.h">
      <Filter>Source Files</Filter>
    </ClInclude>
    <ClInclude Include="..\src\NvDecoder.h">
      <Filter>Source Files</Filter>
    </ClInclude>
    <ClInclude Include="..\src\shader_m.h">
      <Filter>Source Files</Filter>
    </ClInclude>
    <ClInclude Include="..\lib\imgui\imconfig.h">
      <Filter>Source Files</Filter>
    </ClInclude>
    <ClInclude Include="..\lib\imgui\imgui.h">
      <Filter>Source Files</Filter>
    </ClInclude>
    <ClInclude Include="..\lib\imgui\imgui_internal.h">
      <Filter>Source Files</Filter>
    </ClInclude>
    <ClInclude Include="..\lib\imgui\imstb_rectpack.h">
      <Filter>Source Files</Filter>
    </ClInclude>
    <ClInclude Include="..\lib\imgui\imstb_textedit.h">
      <Filter>Source Files</Filter>
    </ClInclude>
    <ClInclude Include="..\lib\imgui\imstb_truetype.h">
      <Filter>Source Files</Filter>
    </ClInclude>
    <ClInclude Include="..\lib\imgui\backends\imgui_impl_glfw.h">
      <Filter>Source Files</Filter>
    </ClInclude>
    <ClInclude Include="..\lib\imgui\backends\imgui_impl_opengl3.h">
      <Filter>Source Files</Filter>
    </ClInclude>
    <ClInclude Include="..\lib\IconFontCppHeaders\IconsFontAwesome5.h">
      <Filter>Source Files</Filter>
    </ClInclude>
    <ClInclude Include="..\src\decoder.h">
      <Filter>Source Files</Filter>
    </ClInclude>
    <ClInclude Include="..\lib\imgui-filebrowser\imfilebrowser.h">
      <Filter>Source Files</Filter>
    </ClInclude>
    <ClInclude Include="..\lib\IconFontCppHeaders\IconsFontAwesome6.h">
      <Filter>Source Files</Filter>
    </ClInclude>
    <ClInclude Include="..\lib\IconFontCppHeaders\IconsFontAwesome4.h">
      <Filter>Source Files</Filter>
    </ClInclude>
    <ClInclude Include="..\lib\IconFontCppHeaders\IconsForkAwesome.h">
      <Filter>Source Files</Filter>
    </ClInclude>
  </ItemGroup>
  <ItemGroup>
    <None Include="..\src\create_image_cuda.cu">
      <Filter>Source Files</Filter>
    </None>
    <None Include="..\src\shader_picture.fs">
      <Filter>Source Files</Filter>
    </None>
    <None Include="..\src\shader_picture.vs">
      <Filter>Source Files</Filter>
    </None>
    <None Include="..\lib\IconFontCppHeaders\IconsFontAwesome5.cs">
      <Filter>Source Files</Filter>
    </None>
  </ItemGroup>
  <ItemGroup>
    <ClCompile Include="..\src\main.cpp">
      <Filter>Source Files</Filter>
    </ClCompile>
    <ClCompile Include="..\src\NvDecoder.cpp">
      <Filter>Source Files</Filter>
    </ClCompile>
    <ClCompile Include="..\lib\imgui\imgui.cpp">
      <Filter>Source Files</Filter>
    </ClCompile>
    <ClCompile Include="..\lib\imgui\imgui_demo.cpp">
      <Filter>Source Files</Filter>
    </ClCompile>
    <ClCompile Include="..\lib\imgui\imgui_draw.cpp">
      <Filter>Source Files</Filter>
    </ClCompile>
    <ClCompile Include="..\lib\imgui\imgui_tables.cpp">
      <Filter>Source Files</Filter>
    </ClCompile>
    <ClCompile Include="..\lib\imgui\imgui_widgets.cpp">
      <Filter>Source Files</Filter>
    </ClCompile>
    <ClCompile Include="..\lib\imgui\backends\imgui_impl_glfw.cpp">
      <Filter>Source Files</Filter>
    </ClCompile>
    <ClCompile Include="..\lib\imgui\backends\imgui_impl_opengl3.cpp">
      <Filter>Source Files</Filter>
    </ClCompile>
    <ClCompile Include="..\src\decoder.cpp">
      <Filter>Source Files</Filter>
    </ClCompile>
  </ItemGroup>
  <ItemGroup>
    <Font Include="..\src\Roboto-Regular.ttf">
      <Filter>Source Files</Filter>
    </Font>
  </ItemGroup>
  <ItemGroup>
    <CudaCompile Include="..\src\ColorSpace.cu">
      <Filter>Source Files</Filter>
    </CudaCompile>
  </ItemGroup>
</Project>